<?xml version="1.0" encoding="utf-8"?>
<Project ToolsVersion="4.0" xmlns="http://schemas.microsoft.com/developer/msbuild/2003">
  <ItemGroup>
    <Filter Include="Source Files">
      <UniqueIdentifier>{4FC737F1-C7A5-4376-A066-2A32D752A2FF}</UniqueIdentifier>
      <Extensions>cpp;c;cc;cxx;c++;cppm;ixx;def;odl;idl;hpj;bat;asm;asmx</Extensions>
    </Filter>
    <Filter Include="Header Files">
      <UniqueIdentifier>{93995380-89BD-4b04-88EB-625FBE52EBFB}</UniqueIdentifier>
      <Extensions>h;hh;hpp;hxx;h++;hm;inl;inc;ipp;xsd</Extensions>
    </Filter>
    <Filter Include="Resource Files">
      <UniqueIdentifier>{67DA6AB6-F800-4c08-8B7A-83BB121AAD01}</UniqueIdentifier>
      <Extensions>rc;ico;cur;bmp;dlg;rc2;rct;bin;rgs;gif;jpg;jpeg;jpe;resx;tiff;tif;png;wav;mfcribbon-ms</Extensions>
    </Filter>
    <Filter Include="Source Files\Cache">
      <UniqueIdentifier>{19e22233-6448-4f2a-b7c7-7e38c7ff8ead}</UniqueIdentifier>
    </Filter>
  </ItemGroup>
  <ItemGroup>
    <ClInclude Include="inc\Cache.h">
      <Filter>Header Files</Filter>
    </ClInclude>
    <ClInclude Include="inc\debug.h">
      <Filter>Header Files</Filter>
    </ClInclude>
    <ClInclude Include="inc\default_test_params.h">
      <Filter>Header Files</Filter>
    </ClInclude>
    <ClInclude Include="inc\GlobalIncludes.h">
      <Filter>Header Files</Filter>
    </ClInclude>
    <ClInclude Include="inc\Instruction.h">
      <Filter>Header Files</Filter>
    </ClInclude>
    <ClInclude Include="inc\IOUtilities.h">
      <Filter>Header Files</Filter>
    </ClInclude>
    <ClInclude Include="inc\list.h">
      <Filter>Header Files</Filter>
    </ClInclude>
    <ClInclude Include="inc\Memory.h">
      <Filter>Header Files</Filter>
    </ClInclude>
    <ClInclude Include="inc\RequestManager.h">
      <Filter>Header Files</Filter>
    </ClInclude>
    <ClInclude Include="inc\sim_trace_decoder.h">
      <Filter>Header Files</Filter>
    </ClInclude>
    <ClInclude Include="inc\SimTracer.h">
      <Filter>Header Files</Filter>
    </ClInclude>
    <ClInclude Include="inc\Simulator.h">
      <Filter>Header Files</Filter>
    </ClInclude>
    <ClInclude Include="inc\Multithreading.h">
      <Filter>Header Files</Filter>
    </ClInclude>
  </ItemGroup>
  <ItemGroup>
    <ClCompile Include="src\Cache\Cache.cpp">
      <Filter>Source Files\Cache</Filter>
    </ClCompile>
    <ClCompile Include="src\Cache\Memory.cpp">
      <Filter>Source Files\Cache</Filter>
    </ClCompile>
    <ClCompile Include="src\Cache\RequestManager.cpp">
      <Filter>Source Files\Cache</Filter>
    </ClCompile>
    <ClCompile Include="src\IOUtilities.cpp">
      <Filter>Source Files</Filter>
    </ClCompile>
    <ClCompile Include="src\list.cpp">
      <Filter>Source Files</Filter>
    </ClCompile>
    <ClCompile Include="src\main.cpp">
      <Filter>Source Files</Filter>
    </ClCompile>
    <ClCompile Include="src\SimTracer.cpp">
      <Filter>Source Files</Filter>
    </ClCompile>
    <ClCompile Include="src\Simulator.cpp">
      <Filter>Source Files</Filter>
    </ClCompile>
    <ClCompile Include="src\Multithreading.cpp">
      <Filter>Source Files</Filter>
    </ClCompile>
  </ItemGroup>
  <ItemGroup>
    <None Include="test_params.ini">
      <Filter>Resource Files</Filter>
    </None>
  </ItemGroup>
</Project>